{
    "version": 3,
    "terraform_version": "0.11.10",
    "serial": 79,
    "lineage": "a3782f31-75aa-f246-45a5-5b949416449c",
    "modules": [
        {
            "path": [
                "root"
            ],
            "outputs": {},
            "resources": {
                "azurerm_subnet.subnet": {
                    "type": "azurerm_subnet",
                    "depends_on": [
                        "module.network-security-group"
                    ],
                    "primary": {
                        "id": "/subscriptions/c588752a-77b8-4b3d-a0a4-7856abefae8a/resourceGroups/nsg-resource-group/providers/Microsoft.Network/virtualNetworks/sampleservice-development-vnet/subnets/default",
                        "attributes": {
                            "address_prefix": "10.0.0.0/16",
                            "id": "/subscriptions/c588752a-77b8-4b3d-a0a4-7856abefae8a/resourceGroups/nsg-resource-group/providers/Microsoft.Network/virtualNetworks/sampleservice-development-vnet/subnets/default",
                            "ip_configurations.#": "0",
                            "name": "default",
                            "network_security_group_id": "/subscriptions/c588752a-77b8-4b3d-a0a4-7856abefae8a/resourceGroups/nsg-resource-group/providers/Microsoft.Network/networkSecurityGroups/nsg",
                            "resource_group_name": "nsg-resource-group",
                            "virtual_network_name": "sampleservice-development-vnet"
                        },
                        "meta": {},
                        "tainted": false
                    },
                    "deposed": [],
                    "provider": "provider.azurerm"
                }
            },
            "depends_on": []
        },
        {
            "path": [
                "root",
                "VirtualMachine"
            ],
            "outputs": {},
            "resources": {},
            "depends_on": []
        },
        {
            "path": [
                "root",
                "loadbalancer"
            ],
            "outputs": {
                "azurerm_lb_backend_address_pool_id": {
                    "sensitive": false,
                    "type": "string",
                    "value": "/subscriptions/c588752a-77b8-4b3d-a0a4-7856abefae8a/resourceGroups/nsg-resource-group/providers/Microsoft.Network/loadBalancers/terraform-test-lb/backendAddressPools/BackEndAddressPool"
                },
                "azurerm_lb_frontend_ip_configuration": {
                    "sensitive": false,
                    "type": "list",
                    "value": [
                        {
                            "inbound_nat_rules": [],
                            "load_balancer_rules": [],
                            "name": "nsg-resource-group-frontend",
                            "private_ip_address": "",
                            "private_ip_address_allocation": "Dynamic",
                            "public_ip_address_id": "/subscriptions/c588752a-77b8-4b3d-a0a4-7856abefae8a/resourceGroups/nsg-resource-group/providers/Microsoft.Network/publicIPAddresses/terraform-test-publicIP",
                            "subnet_id": ""
                        }
                    ]
                },
                "azurerm_lb_id": {
                    "sensitive": false,
                    "type": "string",
                    "value": "/subscriptions/c588752a-77b8-4b3d-a0a4-7856abefae8a/resourceGroups/nsg-resource-group/providers/Microsoft.Network/loadBalancers/terraform-test-lb"
                },
                "azurerm_lb_nat_rule_ids": {
                    "sensitive": false,
                    "type": "list",
                    "value": []
                },
                "azurerm_lb_probe_ids": {
                    "sensitive": false,
                    "type": "list",
                    "value": [
                        "/subscriptions/c588752a-77b8-4b3d-a0a4-7856abefae8a/resourceGroups/nsg-resource-group/providers/Microsoft.Network/loadBalancers/terraform-test-lb/probes/HTTP"
                    ]
                },
                "azurerm_public_ip_address": {
                    "sensitive": false,
                    "type": "list",
                    "value": [
                        "23.97.128.234"
                    ]
                },
                "azurerm_public_ip_id": {
                    "sensitive": false,
                    "type": "list",
                    "value": [
                        "/subscriptions/c588752a-77b8-4b3d-a0a4-7856abefae8a/resourceGroups/nsg-resource-group/providers/Microsoft.Network/publicIPAddresses/terraform-test-publicIP"
                    ]
                },
                "azurerm_resource_group_name": {
                    "sensitive": false,
                    "type": "string",
                    "value": "nsg-resource-group"
                },
                "azurerm_resource_group_tags": {
                    "sensitive": false,
                    "type": "map",
                    "value": {}
                }
            },
            "resources": {
                "azurerm_lb.azlb": {
                    "type": "azurerm_lb",
                    "depends_on": [
                        "azurerm_public_ip.azlb.*",
                        "azurerm_resource_group.azlb"
                    ],
                    "primary": {
                        "id": "/subscriptions/c588752a-77b8-4b3d-a0a4-7856abefae8a/resourceGroups/nsg-resource-group/providers/Microsoft.Network/loadBalancers/terraform-test-lb",
                        "attributes": {
                            "frontend_ip_configuration.#": "1",
                            "frontend_ip_configuration.0.inbound_nat_rules.#": "0",
                            "frontend_ip_configuration.0.load_balancer_rules.#": "0",
                            "frontend_ip_configuration.0.name": "nsg-resource-group-frontend",
                            "frontend_ip_configuration.0.private_ip_address": "",
                            "frontend_ip_configuration.0.private_ip_address_allocation": "Dynamic",
                            "frontend_ip_configuration.0.public_ip_address_id": "/subscriptions/c588752a-77b8-4b3d-a0a4-7856abefae8a/resourceGroups/nsg-resource-group/providers/Microsoft.Network/publicIPAddresses/terraform-test-publicIP",
                            "frontend_ip_configuration.0.subnet_id": "",
                            "id": "/subscriptions/c588752a-77b8-4b3d-a0a4-7856abefae8a/resourceGroups/nsg-resource-group/providers/Microsoft.Network/loadBalancers/terraform-test-lb",
                            "location": "westeurope",
                            "name": "terraform-test-lb",
                            "private_ip_address": "",
                            "private_ip_addresses.#": "0",
                            "resource_group_name": "nsg-resource-group",
                            "tags.%": "1",
                            "tags.source": "terraform"
                        },
                        "meta": {},
                        "tainted": false
                    },
                    "deposed": [],
                    "provider": "provider.azurerm"
                },
                "azurerm_lb_backend_address_pool.azlb": {
                    "type": "azurerm_lb_backend_address_pool",
                    "depends_on": [
                        "azurerm_lb.azlb",
                        "azurerm_resource_group.azlb"
                    ],
                    "primary": {
                        "id": "/subscriptions/c588752a-77b8-4b3d-a0a4-7856abefae8a/resourceGroups/nsg-resource-group/providers/Microsoft.Network/loadBalancers/terraform-test-lb/backendAddressPools/BackEndAddressPool",
                        "attributes": {
                            "backend_ip_configurations.#": "0",
                            "id": "/subscriptions/c588752a-77b8-4b3d-a0a4-7856abefae8a/resourceGroups/nsg-resource-group/providers/Microsoft.Network/loadBalancers/terraform-test-lb/backendAddressPools/BackEndAddressPool",
                            "load_balancing_rules.#": "0",
                            "loadbalancer_id": "/subscriptions/c588752a-77b8-4b3d-a0a4-7856abefae8a/resourceGroups/nsg-resource-group/providers/Microsoft.Network/loadBalancers/terraform-test-lb",
                            "name": "BackEndAddressPool",
                            "resource_group_name": "nsg-resource-group"
                        },
                        "meta": {},
                        "tainted": false
                    },
                    "deposed": [],
                    "provider": "provider.azurerm"
                },
                "azurerm_lb_probe.azlb": {
                    "type": "azurerm_lb_probe",
                    "depends_on": [
                        "azurerm_lb.azlb",
                        "azurerm_resource_group.azlb"
                    ],
                    "primary": {
                        "id": "/subscriptions/c588752a-77b8-4b3d-a0a4-7856abefae8a/resourceGroups/nsg-resource-group/providers/Microsoft.Network/loadBalancers/terraform-test-lb/probes/HTTP",
                        "attributes": {
                            "id": "/subscriptions/c588752a-77b8-4b3d-a0a4-7856abefae8a/resourceGroups/nsg-resource-group/providers/Microsoft.Network/loadBalancers/terraform-test-lb/probes/HTTP",
                            "interval_in_seconds": "5",
                            "load_balancer_rules.#": "0",
                            "loadbalancer_id": "/subscriptions/c588752a-77b8-4b3d-a0a4-7856abefae8a/resourceGroups/nsg-resource-group/providers/Microsoft.Network/loadBalancers/terraform-test-lb",
                            "name": "HTTP",
                            "number_of_probes": "2",
                            "port": "80",
                            "protocol": "Tcp",
                            "request_path": "",
                            "resource_group_name": "nsg-resource-group"
                        },
                        "meta": {},
                        "tainted": false
                    },
                    "deposed": [],
                    "provider": "provider.azurerm"
                },
                "azurerm_lb_rule.azlb": {
                    "type": "azurerm_lb_rule",
                    "depends_on": [
                        "azurerm_lb.azlb",
                        "azurerm_lb_backend_address_pool.azlb",
                        "azurerm_lb_probe.azlb",
                        "azurerm_lb_probe.azlb.*",
                        "azurerm_resource_group.azlb"
                    ],
                    "primary": {
                        "id": "/subscriptions/c588752a-77b8-4b3d-a0a4-7856abefae8a/resourceGroups/nsg-resource-group/providers/Microsoft.Network/loadBalancers/terraform-test-lb/loadBalancingRules/HTTP",
                        "attributes": {
                            "backend_address_pool_id": "/subscriptions/c588752a-77b8-4b3d-a0a4-7856abefae8a/resourceGroups/nsg-resource-group/providers/Microsoft.Network/loadBalancers/terraform-test-lb/backendAddressPools/BackEndAddressPool",
                            "backend_port": "80",
                            "enable_floating_ip": "false",
                            "frontend_ip_configuration_id": "/subscriptions/c588752a-77b8-4b3d-a0a4-7856abefae8a/resourceGroups/nsg-resource-group/providers/Microsoft.Network/loadBalancers/terraform-test-lb/frontendIPConfigurations/nsg-resource-group-frontend",
                            "frontend_ip_configuration_name": "nsg-resource-group-frontend",
                            "frontend_port": "80",
                            "id": "/subscriptions/c588752a-77b8-4b3d-a0a4-7856abefae8a/resourceGroups/nsg-resource-group/providers/Microsoft.Network/loadBalancers/terraform-test-lb/loadBalancingRules/HTTP",
                            "idle_timeout_in_minutes": "5",
                            "load_distribution": "Default",
                            "loadbalancer_id": "/subscriptions/c588752a-77b8-4b3d-a0a4-7856abefae8a/resourceGroups/nsg-resource-group/providers/Microsoft.Network/loadBalancers/terraform-test-lb",
                            "name": "HTTP",
                            "probe_id": "/subscriptions/c588752a-77b8-4b3d-a0a4-7856abefae8a/resourceGroups/nsg-resource-group/providers/Microsoft.Network/loadBalancers/terraform-test-lb/probes/HTTP",
                            "protocol": "Tcp",
                            "resource_group_name": "nsg-resource-group"
                        },
                        "meta": {},
                        "tainted": false
                    },
                    "deposed": [],
                    "provider": "provider.azurerm"
                },
                "azurerm_public_ip.azlb": {
                    "type": "azurerm_public_ip",
                    "depends_on": [
                        "azurerm_resource_group.azlb"
                    ],
                    "primary": {
                        "id": "/subscriptions/c588752a-77b8-4b3d-a0a4-7856abefae8a/resourceGroups/nsg-resource-group/providers/Microsoft.Network/publicIPAddresses/terraform-test-publicIP",
                        "attributes": {
                            "id": "/subscriptions/c588752a-77b8-4b3d-a0a4-7856abefae8a/resourceGroups/nsg-resource-group/providers/Microsoft.Network/publicIPAddresses/terraform-test-publicIP",
                            "ip_address": "23.97.128.234",
                            "location": "westeurope",
                            "name": "terraform-test-publicIP",
                            "public_ip_address_allocation": "static",
                            "resource_group_name": "nsg-resource-group",
                            "tags.%": "1",
                            "tags.source": "terraform"
                        },
                        "meta": {},
                        "tainted": false
                    },
                    "deposed": [],
                    "provider": "provider.azurerm"
                },
                "azurerm_resource_group.azlb": {
                    "type": "azurerm_resource_group",
                    "depends_on": [],
                    "primary": {
                        "id": "/subscriptions/c588752a-77b8-4b3d-a0a4-7856abefae8a/resourceGroups/nsg-resource-group",
                        "attributes": {
                            "id": "/subscriptions/c588752a-77b8-4b3d-a0a4-7856abefae8a/resourceGroups/nsg-resource-group",
                            "location": "westeurope",
                            "name": "nsg-resource-group",
                            "tags.%": "0"
                        },
                        "meta": {},
                        "tainted": false
                    },
                    "deposed": [],
                    "provider": "provider.azurerm"
                }
            },
            "depends_on": []
        },
        {
            "path": [
                "root",
                "network-security-group"
            ],
            "outputs": {
                "network_security_group_id": {
                    "sensitive": false,
                    "type": "string",
                    "value": "/subscriptions/c588752a-77b8-4b3d-a0a4-7856abefae8a/resourceGroups/nsg-resource-group/providers/Microsoft.Network/networkSecurityGroups/nsg"
                },
                "network_security_group_name": {
                    "sensitive": false,
                    "type": "string",
                    "value": "nsg"
                }
            },
            "resources": {
                "azurerm_network_security_group.nsg": {
                    "type": "azurerm_network_security_group",
                    "depends_on": [
                        "azurerm_resource_group.nsg"
                    ],
                    "primary": {
                        "id": "/subscriptions/c588752a-77b8-4b3d-a0a4-7856abefae8a/resourceGroups/nsg-resource-group/providers/Microsoft.Network/networkSecurityGroups/nsg",
                        "attributes": {
                            "id": "/subscriptions/c588752a-77b8-4b3d-a0a4-7856abefae8a/resourceGroups/nsg-resource-group/providers/Microsoft.Network/networkSecurityGroups/nsg",
                            "location": "westeurope",
                            "name": "nsg",
                            "resource_group_name": "nsg-resource-group",
                            "security_rule.#": "0",
                            "tags.%": "0"
                        },
                        "meta": {},
                        "tainted": false
                    },
                    "deposed": [],
                    "provider": "provider.azurerm"
                },
                "azurerm_resource_group.nsg": {
                    "type": "azurerm_resource_group",
                    "depends_on": [],
                    "primary": {
                        "id": "/subscriptions/c588752a-77b8-4b3d-a0a4-7856abefae8a/resourceGroups/nsg-resource-group",
                        "attributes": {
                            "id": "/subscriptions/c588752a-77b8-4b3d-a0a4-7856abefae8a/resourceGroups/nsg-resource-group",
                            "location": "westeurope",
                            "name": "nsg-resource-group",
                            "tags.%": "0"
                        },
                        "meta": {},
                        "tainted": false
                    },
                    "deposed": [],
                    "provider": "provider.azurerm"
                }
            },
            "depends_on": []
        },
        {
            "path": [
                "root",
                "virtual_network"
            ],
            "outputs": {
                "address_space": {
                    "sensitive": false,
                    "type": "list",
                    "value": [
                        "10.0.0.0/8"
                    ]
                },
                "location": {
                    "sensitive": false,
                    "type": "string",
                    "value": "westeurope"
                },
                "resource_group_name": {
                    "sensitive": false,
                    "type": "string",
                    "value": "nsg-resource-group"
                },
                "vnet_id": {
                    "sensitive": false,
                    "type": "string",
                    "value": "/subscriptions/c588752a-77b8-4b3d-a0a4-7856abefae8a/resourceGroups/nsg-resource-group/providers/Microsoft.Network/virtualNetworks/sampleservice-development-vnet"
                },
                "vnet_name": {
                    "sensitive": false,
                    "type": "string",
                    "value": "sampleservice-development-vnet"
                }
            },
            "resources": {
                "azurerm_resource_group.resource_group": {
                    "type": "azurerm_resource_group",
                    "depends_on": [],
                    "primary": {
                        "id": "/subscriptions/c588752a-77b8-4b3d-a0a4-7856abefae8a/resourceGroups/nsg-resource-group",
                        "attributes": {
                            "id": "/subscriptions/c588752a-77b8-4b3d-a0a4-7856abefae8a/resourceGroups/nsg-resource-group",
                            "location": "westeurope",
                            "name": "nsg-resource-group",
                            "tags.%": "2",
                            "tags.environment": "development",
                            "tags.serviceName": "sampleservice"
                        },
                        "meta": {},
                        "tainted": false
                    },
                    "deposed": [],
                    "provider": "module.virtual_network.provider.azurerm"
                },
                "azurerm_virtual_network.virtual_network": {
                    "type": "azurerm_virtual_network",
                    "depends_on": [
                        "azurerm_resource_group.resource_group"
                    ],
                    "primary": {
                        "id": "/subscriptions/c588752a-77b8-4b3d-a0a4-7856abefae8a/resourceGroups/nsg-resource-group/providers/Microsoft.Network/virtualNetworks/sampleservice-development-vnet",
                        "attributes": {
                            "address_space.#": "1",
                            "address_space.0": "10.0.0.0/8",
                            "dns_servers.#": "0",
                            "id": "/subscriptions/c588752a-77b8-4b3d-a0a4-7856abefae8a/resourceGroups/nsg-resource-group/providers/Microsoft.Network/virtualNetworks/sampleservice-development-vnet",
                            "location": "westeurope",
                            "name": "sampleservice-development-vnet",
                            "resource_group_name": "nsg-resource-group",
                            "subnet.#": "1",
                            "subnet.4044683113.address_prefix": "10.0.0.0/16",
                            "subnet.4044683113.name": "default",
                            "subnet.4044683113.security_group": "/subscriptions/c588752a-77b8-4b3d-a0a4-7856abefae8a/resourceGroups/nsg-resource-group/providers/Microsoft.Network/networkSecurityGroups/nsg",
                            "tags.%": "2",
                            "tags.environment": "development",
                            "tags.serviceName": "sampleservice"
                        },
                        "meta": {},
                        "tainted": false
                    },
                    "deposed": [],
                    "provider": "module.virtual_network.provider.azurerm"
                }
            },
            "depends_on": []
        }
    ]
}
